
Microsoft Visual Studio Solution File, Format Version 12.00
# Visual Studio Version 17
VisualStudioVersion = 17.0.32014.148
MinimumVisualStudioVersion = 10.0.40219.1
Project("{FAE04EC0-301F-11D3-BF4B-00C04F79EFBC}") = "Portfolio", "Portfolio\Portfolio.csproj", "{A34729F6-F332-45B1-B257-6C4D0A81ABB5}"
EndProject
Global
	GlobalSection(SolutionConfigurationPlatforms) = preSolution
		Debug|Any CPU = Debug|Any CPU
		Release|Any CPU = Release|Any CPU
	EndGlobalSection
	GlobalSection(ProjectConfigurationPlatforms) = postSolution
		{A34729F6-F332-45B1-B257-6C4D0A81ABB5}.Debug|Any CPU.ActiveCfg = Debug|Any CPU
		{A34729F6-F332-45B1-B257-6C4D0A81ABB5}.Debug|Any CPU.Build.0 = Debug|Any CPU
		{A34729F6-F332-45B1-B257-6C4D0A81ABB5}.Release|Any CPU.ActiveCfg = Release|Any CPU
		{A34729F6-F332-45B1-B257-6C4D0A81ABB5}.Release|Any CPU.Build.0 = Release|Any CPU
	EndGlobalSection
	GlobalSection(SolutionProperties) = preSolution
		HideSolutionNode = FALSE
	EndGlobalSection
	GlobalSection(ExtensibilityGlobals) = postSolution
		SolutionGuid = {FFF25FDE-3EFC-4EBC-9F66-772A120BFDDB}
	EndGlobalSection
EndGlobal
